<?xml version="1.0" encoding="utf-8"?>
<Project ToolsVersion="4.0" xmlns="http://schemas.microsoft.com/developer/msbuild/2003">
  <ItemGroup>
    <Filter Include="Source Files">
      <UniqueIdentifier>{4FC737F1-C7A5-4376-A066-2A32D752A2FF}</UniqueIdentifier>
      <Extensions>cpp;c;cc;cxx;def;odl;idl;hpj;bat;asm;asmx</Extensions>
    </Filter>
    <Filter Include="Header Files">
      <UniqueIdentifier>{93995380-89BD-4b04-88EB-625FBE52EBFB}</UniqueIdentifier>
      <Extensions>h;hh;hpp;hxx;hm;inl;inc;xsd</Extensions>
    </Filter>
    <Filter Include="Resource Files">
      <UniqueIdentifier>{67DA6AB6-F800-4c08-8B7A-83BB121AAD01}</UniqueIdentifier>
      <Extensions>rc;ico;cur;bmp;dlg;rc2;rct;bin;rgs;gif;jpg;jpeg;jpe;resx;tiff;tif;png;wav;mfcribbon-ms</Extensions>
    </Filter>
    <Filter Include="AIToolKit">
      <UniqueIdentifier>{8d0ab8ea-88c6-482b-89f2-17e0ab815d80}</UniqueIdentifier>
    </Filter>
  </ItemGroup>
  <ItemGroup>
    <ClCompile Include="BlackboardsApp.cpp">
      <Filter>Source Files</Filter>
    </ClCompile>
    <ClCompile Include="main.cpp">
      <Filter>Source Files</Filter>
    </ClCompile>
    <ClCompile Include="..\AIToolKit\aiUtilities.cpp">
      <Filter>AIToolKit</Filter>
    </ClCompile>
    <ClCompile Include="..\AIToolKit\FollowBehaviour.cpp">
      <Filter>AIToolKit</Filter>
    </ClCompile>
    <ClCompile Include="..\AIToolKit\GameObject.cpp">
      <Filter>AIToolKit</Filter>
    </ClCompile>
    <ClCompile Include="..\AIToolKit\KeyboardBehaviour.cpp">
      <Filter>AIToolKit</Filter>
    </ClCompile>
    <ClCompile Include="..\AIToolKit\State.cpp">
      <Filter>AIToolKit</Filter>
    </ClCompile>
    <ClCompile Include="..\SteeringBehaviours\SteeringBehaviour.cpp">
      <Filter>AIToolKit</Filter>
    </ClCompile>
  </ItemGroup>
  <ItemGroup>
    <ClInclude Include="BlackboardsApp.h">
      <Filter>Header Files</Filter>
    </ClInclude>
    <ClInclude Include="..\AIToolKit\aiUtilities.h">
      <Filter>AIToolKit</Filter>
    </ClInclude>
    <ClInclude Include="..\AIToolKit\Behaviour.h">
      <Filter>AIToolKit</Filter>
    </ClInclude>
    <ClInclude Include="..\AIToolKit\Condition.h">
      <Filter>AIToolKit</Filter>
    </ClInclude>
    <ClInclude Include="..\AIToolKit\FollowBehaviour.h">
      <Filter>AIToolKit</Filter>
    </ClInclude>
    <ClInclude Include="..\AIToolKit\GameObject.h">
      <Filter>AIToolKit</Filter>
    </ClInclude>
    <ClInclude Include="..\AIToolKit\KeyboardBehaviour.h">
      <Filter>AIToolKit</Filter>
    </ClInclude>
    <ClInclude Include="..\AIToolKit\State.h">
      <Filter>AIToolKit</Filter>
    </ClInclude>
    <ClInclude Include="..\SteeringBehaviours\SteeringBehaviour.h">
      <Filter>AIToolKit</Filter>
    </ClInclude>
  </ItemGroup>
</Project>